# @generated by Move, please check-in and do not edit manually.

[move]
version = 1
manifest_digest = "5B905A187E255F2C1971F86CEB3C14BFA80721C960FDCD0E079D9D6C20FF8F2A"
deps_digest = "3C4103934B1E040BB6B23F1D610B4EF9F2F1166A50A104EADCF77467C004C600"

dependencies = [
  { name = "Iota" },
  { name = "MoveStdlib" },
]

[[move.package]]
name = "Iota"
source = { local = "../iota-framework" }

dependencies = [
  { name = "MoveStdlib" },
]

[[move.package]]
name = "MoveStdlib"
source = { local = "../move-stdlib" }

[move.toolchain-version]
compiler-version = "0.2.0"
edition = "legacy"
flavor = "iota"
