# @generated by Move, please check-in and do not edit manually.

[move]
version = 1
manifest_digest = "F7B0657885F7F095E7ED4AC0F6A8772A191E3257D870D1C8A0DD84BFD1BE32E8"
deps_digest = "060AD7E57DFB13104F21BE5F5C3759D03F0553FC3229247D9A7A6B45F50D03A3"
dependencies = [
  { name = "MoveStdlib" },
  { name = "Sui" },
  { name = "SuiSystem" },
]

[[move.package]]
name = "MoveStdlib"
source = { local = "../move-stdlib" }

[[move.package]]
name = "Sui"
source = { local = "../sui-framework" }

dependencies = [
  { name = "MoveStdlib" },
]

[[move.package]]
name = "SuiSystem"
source = { local = "../sui-system" }

dependencies = [
  { name = "MoveStdlib" },
  { name = "Sui" },
]

[move.toolchain-version]
compiler-version = "1.22.0"
edition = "legacy"
flavor = "sui"
