# @generated by Move, please check-in and do not edit manually.

[move]
version = 1
manifest_digest = "09A06A6A0245C58FE40D039E4179ADD4CAEE10136B112FBF448ACC4DD24EEBE3"
deps_digest = "F8BBB0CCB2491CA29A3DF03D6F92277A4F3574266507ACD77214D37ECA3F3082"

dependencies = [
  { name = "MoveStdlib" },
]

[[move.package]]
name = "MoveStdlib"
source = { local = "../move-stdlib" }

[move.toolchain-version]
compiler-version = "0.1.5"
edition = "legacy"
flavor = "iota"
