# @generated by Move, please check-in and do not edit manually.

[move]
version = 0
manifest_digest = "55ECDF510F5F21F2222BC910BB120C6D553EFCE0D2D49D714EC2360A5F682FBD"
deps_digest = "F8BBB0CCB2491CA29A3DF03D6F92277A4F3574266507ACD77214D37ECA3F3082"

dependencies = [
  { name = "Iota" },
]

[[move.package]]
name = "Iota"
source = { local = "../../../../../../crates/iota-framework/packages/iota-framework" }

dependencies = [
  { name = "MoveStdlib" },
]

[[move.package]]
name = "MoveStdlib"
source = { local = "../../../../../../crates/iota-framework/packages/move-stdlib" }

[move.toolchain-version]
compiler-version = "0.4.0"
edition = "2024.beta"
flavor = "iota"
