# @generated by Move, please check-in and do not edit manually.

[move]
version = 0
manifest_digest = "0FA05F766C580DB90517AEBBE5BF5047B5A5EAC19F990B99C81167899C8DD308"
deps_digest = "060AD7E57DFB13104F21BE5F5C3759D03F0553FC3229247D9A7A6B45F50D03A3"

dependencies = [
  { name = "MoveStdlib" },
  { name = "Sui" },
  { name = "SuiSystem" },
]

[[move.package]]
name = "MoveStdlib"
source = { local = "../move-stdlib" }

[[move.package]]
name = "Sui"
source = { local = "../sui-framework" }

dependencies = [
  { name = "MoveStdlib" },
]

[[move.package]]
name = "SuiSystem"
source = { local = "../sui-system" }

dependencies = [
  { name = "MoveStdlib" },
  { name = "Sui" },
]

[move.toolchain-version]
compiler-version = "1.23.0"
edition = "2024.beta"
flavor = "sui"
