# @generated by Move, please check-in and do not edit manually.

[move]
version = 1
manifest_digest = "4B3F098CD3A1E550ED834159EF4E2978435F6159F321C7143AD27440B6A74BDC"
deps_digest = "3C4103934B1E040BB6B23F1D610B4EF9F2F1166A50A104EADCF77467C004C600"

dependencies = [
  { name = "Iota" },
  { name = "MoveStdlib" },
]

[[move.package]]
name = "Iota"
source = { local = "../iota-framework" }

dependencies = [
  { name = "MoveStdlib" },
]

[[move.package]]
name = "MoveStdlib"
source = { local = "../move-stdlib" }

[move.toolchain-version]
compiler-version = "0.1.4"
edition = "legacy"
flavor = "iota"
